<?xml version="1.0" encoding="utf-8"?>
<Project ToolsVersion="4.0" xmlns="http://schemas.microsoft.com/developer/msbuild/2003">
  <ItemGroup>
    <Filter Include="Source Files">
      <UniqueIdentifier>{4FC737F1-C7A5-4376-A066-2A32D752A2FF}</UniqueIdentifier>
      <Extensions>cpp;c;cc;cxx;def;odl;idl;hpj;bat;asm;asmx</Extensions>
    </Filter>
    <Filter Include="Header Files">
      <UniqueIdentifier>{93995380-89BD-4b04-88EB-625FBE52EBFB}</UniqueIdentifier>
      <Extensions>h;hh;hpp;hxx;hm;inl;inc;ipp;xsd</Extensions>
    </Filter>
    <Filter Include="Resource Files">
      <UniqueIdentifier>{67DA6AB6-F800-4c08-8B7A-83BB121AAD01}</UniqueIdentifier>
      <Extensions>rc;ico;cur;bmp;dlg;rc2;rct;bin;rgs;gif;jpg;jpeg;jpe;resx;tiff;tif;png;wav;mfcribbon-ms</Extensions>
    </Filter>
  </ItemGroup>
  <ItemGroup>
    <ClCompile Include="01. main.c">
      <Filter>Source Files</Filter>
    </ClCompile>
    <ClCompile Include="02. start.c">
      <Filter>Source Files</Filter>
    </ClCompile>
    <ClCompile Include="03. login_regis_switch.c">
      <Filter>Source Files</Filter>
    </ClCompile>
    <ClCompile Include="04. login_regis_menu_display.c">
      <Filter>Source Files</Filter>
    </ClCompile>
    <ClCompile Include="05. admin_login.c">
      <Filter>Source Files</Filter>
    </ClCompile>
    <ClCompile Include="06. user_login.c">
      <Filter>Source Files</Filter>
    </ClCompile>
    <ClCompile Include="07. user_register.c">
      <Filter>Source Files</Filter>
    </ClCompile>
    <ClCompile Include="99. stop.c">
      <Filter>Source Files</Filter>
    </ClCompile>
    <ClCompile Include="08. user_menu_switch.c">
      <Filter>Source Files</Filter>
    </ClCompile>
    <ClCompile Include="09. user_menu_display.c">
      <Filter>Source Files</Filter>
    </ClCompile>
    <ClCompile Include="10. booking.c">
      <Filter>Source Files</Filter>
    </ClCompile>
    <ClCompile Include="11. cancel.c">
      <Filter>Source Files</Filter>
    </ClCompile>
    <ClCompile Include="12. modify.c">
      <Filter>Source Files</Filter>
    </ClCompile>
    <ClCompile Include="13. room_type.c">
      <Filter>Source Files</Filter>
    </ClCompile>
    <ClCompile Include="14. room_type_menu.c">
      <Filter>Source Files</Filter>
    </ClCompile>
    <ClCompile Include="15. standard.c">
      <Filter>Source Files</Filter>
    </ClCompile>
    <ClCompile Include="16. deluxe.c">
      <Filter>Source Files</Filter>
    </ClCompile>
    <ClCompile Include="17. suites.c">
      <Filter>Source Files</Filter>
    </ClCompile>
    <ClCompile Include="18. cancel_menu_display.c">
      <Filter>Source Files</Filter>
    </ClCompile>
    <ClCompile Include="19. cancel_menu_switch.c">
      <Filter>Source Files</Filter>
    </ClCompile>
    <ClCompile Include="20. s_cancel.c">
      <Filter>Source Files</Filter>
    </ClCompile>
    <ClCompile Include="21. d_cancel.c">
      <Filter>Source Files</Filter>
    </ClCompile>
    <ClCompile Include="22. su_cancel.c">
      <Filter>Source Files</Filter>
    </ClCompile>
    <ClCompile Include="23. modify_menu_display.c">
      <Filter>Source Files</Filter>
    </ClCompile>
    <ClCompile Include="24. modify_menu_switch.c">
      <Filter>Source Files</Filter>
    </ClCompile>
    <ClCompile Include="25. s_modify.c">
      <Filter>Source Files</Filter>
    </ClCompile>
    <ClCompile Include="26. d_modify.c">
      <Filter>Source Files</Filter>
    </ClCompile>
    <ClCompile Include="27. su_modify.c">
      <Filter>Source Files</Filter>
    </ClCompile>
    <ClCompile Include="28. admin_menu_display.c">
      <Filter>Source Files</Filter>
    </ClCompile>
    <ClCompile Include="29. admin_menu_switch.c">
      <Filter>Source Files</Filter>
    </ClCompile>
    <ClCompile Include="30. records.c">
      <Filter>Source Files</Filter>
    </ClCompile>
    <ClCompile Include="31. s_records.c">
      <Filter>Source Files</Filter>
    </ClCompile>
    <ClCompile Include="32. records_menu_display.c">
      <Filter>Source Files</Filter>
    </ClCompile>
    <ClCompile Include="33. records_menu_switch.c">
      <Filter>Source Files</Filter>
    </ClCompile>
    <ClCompile Include="34. sd_records.c">
      <Filter>Source Files</Filter>
    </ClCompile>
    <ClCompile Include="35. de_records.c">
      <Filter>Source Files</Filter>
    </ClCompile>
    <ClCompile Include="36. su_records.c">
      <Filter>Source Files</Filter>
    </ClCompile>
    <ClCompile Include="37. s_records_menu_display.c">
      <Filter>Source Files</Filter>
    </ClCompile>
    <ClCompile Include="38. s_records_menu_switch.c">
      <Filter>Source Files</Filter>
    </ClCompile>
    <ClCompile Include="39. sd_s_records.c">
      <Filter>Source Files</Filter>
    </ClCompile>
    <ClCompile Include="40. de_s_records.c">
      <Filter>Source Files</Filter>
    </ClCompile>
    <ClCompile Include="41. su_s_records.c">
      <Filter>Source Files</Filter>
    </ClCompile>
    <ClCompile Include="42. WELCOME.c">
      <Filter>Source Files</Filter>
    </ClCompile>
    <ClCompile Include="43. s_p_room_details.c">
      <Filter>Source Files</Filter>
    </ClCompile>
    <ClCompile Include="44. s_cancel_view.c">
      <Filter>Source Files</Filter>
    </ClCompile>
    <ClCompile Include="47. cancel_view.c">
      <Filter>Source Files</Filter>
    </ClCompile>
    <ClCompile Include="45. d_cancel_view.c">
      <Filter>Source Files</Filter>
    </ClCompile>
    <ClCompile Include="46. su_cancel_view.c">
      <Filter>Source Files</Filter>
    </ClCompile>
    <ClCompile Include="48. cancel_view_switch.c">
      <Filter>Source Files</Filter>
    </ClCompile>
  </ItemGroup>
  <ItemGroup>
    <ClInclude Include="user.h">
      <Filter>Source Files</Filter>
    </ClInclude>
    <ClInclude Include="customer.h">
      <Filter>Source Files</Filter>
    </ClInclude>
    <ClInclude Include="cancel.h">
      <Filter>Source Files</Filter>
    </ClInclude>
  </ItemGroup>
</Project>